
Microsoft Visual Studio Solution File, Format Version 12.00
# Visual Studio Version 16
VisualStudioVersion = 16.0.30011.22
MinimumVisualStudioVersion = 10.0.40219.1
Project("{FAE04EC0-301F-11D3-BF4B-00C04F79EFBC}") = "CookiesAuthorisationSample", "CookiesAuthorisationSample\CookiesAuthorisationSample.csproj", "{30C26F50-2DB5-41AE-8E07-84FAC70BDA81}"
EndProject
Global
	GlobalSection(SolutionConfigurationPlatforms) = preSolution
		Debug|Any CPU = Debug|Any CPU
		Release|Any CPU = Release|Any CPU
	EndGlobalSection
	GlobalSection(ProjectConfigurationPlatforms) = postSolution
		{30C26F50-2DB5-41AE-8E07-84FAC70BDA81}.Debug|Any CPU.ActiveCfg = Debug|Any CPU
		{30C26F50-2DB5-41AE-8E07-84FAC70BDA81}.Debug|Any CPU.Build.0 = Debug|Any CPU
		{30C26F50-2DB5-41AE-8E07-84FAC70BDA81}.Release|Any CPU.ActiveCfg = Release|Any CPU
		{30C26F50-2DB5-41AE-8E07-84FAC70BDA81}.Release|Any CPU.Build.0 = Release|Any CPU
	EndGlobalSection
	GlobalSection(SolutionProperties) = preSolution
		HideSolutionNode = FALSE
	EndGlobalSection
	GlobalSection(ExtensibilityGlobals) = postSolution
		SolutionGuid = {0ACF1CA2-8C23-4011-8B37-4CD68B5ED3B9}
	EndGlobalSection
EndGlobal
